
Microsoft Visual Studio Solution File, Format Version 12.00
# Visual Studio Version 17
VisualStudioVersion = 17.1.32319.34
MinimumVisualStudioVersion = 10.0.40219.1
Project("{9A19103F-16F7-4668-BE54-9A1E7A4F7556}") = "Hephaestus.Core", "Hephaestus.Core\Hephaestus.Core.csproj", "{7E2B52F7-73A7-40B7-885D-E1C30F494B2B}"
EndProject
Project("{9A19103F-16F7-4668-BE54-9A1E7A4F7556}") = "Hephaestus.CLI", "Hephaestus.CLI\Hephaestus.CLI.csproj", "{F50951BB-E6D3-43B6-BCB9-C048CE0CC3EB}"
EndProject
Project("{9A19103F-16F7-4668-BE54-9A1E7A4F7556}") = "Hephaestus.Core.Tests", "Hephaestus.Core.Tests\Hephaestus.Core.Tests.csproj", "{9840E6AE-E2EE-479F-9B3D-6441519DAFA9}"
EndProject
Global
	GlobalSection(SolutionConfigurationPlatforms) = preSolution
		Debug|Any CPU = Debug|Any CPU
		Release|Any CPU = Release|Any CPU
	EndGlobalSection
	GlobalSection(ProjectConfigurationPlatforms) = postSolution
		{7E2B52F7-73A7-40B7-885D-E1C30F494B2B}.Debug|Any CPU.ActiveCfg = Debug|Any CPU
		{7E2B52F7-73A7-40B7-885D-E1C30F494B2B}.Debug|Any CPU.Build.0 = Debug|Any CPU
		{7E2B52F7-73A7-40B7-885D-E1C30F494B2B}.Release|Any CPU.ActiveCfg = Release|Any CPU
		{7E2B52F7-73A7-40B7-885D-E1C30F494B2B}.Release|Any CPU.Build.0 = Release|Any CPU
		{F50951BB-E6D3-43B6-BCB9-C048CE0CC3EB}.Debug|Any CPU.ActiveCfg = Debug|Any CPU
		{F50951BB-E6D3-43B6-BCB9-C048CE0CC3EB}.Debug|Any CPU.Build.0 = Debug|Any CPU
		{F50951BB-E6D3-43B6-BCB9-C048CE0CC3EB}.Release|Any CPU.ActiveCfg = Release|Any CPU
		{F50951BB-E6D3-43B6-BCB9-C048CE0CC3EB}.Release|Any CPU.Build.0 = Release|Any CPU
		{9840E6AE-E2EE-479F-9B3D-6441519DAFA9}.Debug|Any CPU.ActiveCfg = Debug|Any CPU
		{9840E6AE-E2EE-479F-9B3D-6441519DAFA9}.Debug|Any CPU.Build.0 = Debug|Any CPU
		{9840E6AE-E2EE-479F-9B3D-6441519DAFA9}.Release|Any CPU.ActiveCfg = Release|Any CPU
		{9840E6AE-E2EE-479F-9B3D-6441519DAFA9}.Release|Any CPU.Build.0 = Release|Any CPU
	EndGlobalSection
	GlobalSection(SolutionProperties) = preSolution
		HideSolutionNode = FALSE
	EndGlobalSection
	GlobalSection(ExtensibilityGlobals) = postSolution
		SolutionGuid = {266B0068-47E7-4A09-B14D-9A092F219F6D}
	EndGlobalSection
EndGlobal
